
Microsoft Visual Studio Solution File, Format Version 12.00
# Visual Studio Version 17
VisualStudioVersion = 17.1.31911.260
MinimumVisualStudioVersion = 10.0.40219.1
Project("{FAE04EC0-301F-11D3-BF4B-00C04F79EFBC}") = "pipelinetestapi", "pipelinetestapi\pipelinetestapi.csproj", "{D585E72A-03CD-4449-976B-D1FF79821ABF}"
EndProject
Global
	GlobalSection(SolutionConfigurationPlatforms) = preSolution
		Debug|Any CPU = Debug|Any CPU
		Release|Any CPU = Release|Any CPU
	EndGlobalSection
	GlobalSection(ProjectConfigurationPlatforms) = postSolution
		{D585E72A-03CD-4449-976B-D1FF79821ABF}.Debug|Any CPU.ActiveCfg = Debug|Any CPU
		{D585E72A-03CD-4449-976B-D1FF79821ABF}.Debug|Any CPU.Build.0 = Debug|Any CPU
		{D585E72A-03CD-4449-976B-D1FF79821ABF}.Release|Any CPU.ActiveCfg = Release|Any CPU
		{D585E72A-03CD-4449-976B-D1FF79821ABF}.Release|Any CPU.Build.0 = Release|Any CPU
	EndGlobalSection
	GlobalSection(SolutionProperties) = preSolution
		HideSolutionNode = FALSE
	EndGlobalSection
	GlobalSection(ExtensibilityGlobals) = postSolution
		SolutionGuid = {0B3DDEF9-3FE0-4AD7-A070-1B5DD39D5725}
	EndGlobalSection
EndGlobal
